// !$*UTF8*$!
{
	archiveVersion = 1;
	classes = {
	};
	objectVersion = 55;
	objects = {

/* Begin PBXBuildFile section */
		C12A4D9728DB56010032C002 /* AppDelegate.swift in Sources */ = {isa = PBXBuildFile; fileRef = C12A4D9628DB56010032C002 /* AppDelegate.swift */; };
		C12A4D9928DB56010032C002 /* SceneDelegate.swift in Sources */ = {isa = PBXBuildFile; fileRef = C12A4D9828DB56010032C002 /* SceneDelegate.swift */; };
		C12A4D9B28DB56010032C002 /* ViewController.swift in Sources */ = {isa = PBXBuildFile; fileRef = C12A4D9A28DB56010032C002 /* ViewController.swift */; };
		C12A4D9E28DB56010032C002 /* Main.storyboard in Resources */ = {isa = PBXBuildFile; fileRef = C12A4D9C28DB56010032C002 /* Main.storyboard */; };
		C12A4DA028DB56020032C002 /* Assets.xcassets in Resources */ = {isa = PBXBuildFile; fileRef = C12A4D9F28DB56020032C002 /* Assets.xcassets */; };
		C12A4DA328DB56020032C002 /* LaunchScreen.storyboard in Resources */ = {isa = PBXBuildFile; fileRef = C12A4DA128DB56020032C002 /* LaunchScreen.storyboard */; };
		C12A4DAB28DB575F0032C002 /* UserCellTableViewCell.swift in Sources */ = {isa = PBXBuildFile; fileRef = C12A4DAA28DB575F0032C002 /* UserCellTableViewCell.swift */; };
		C12A4DAD28DB5A1F0032C002 /* UserAddViewController.swift in Sources */ = {isa = PBXBuildFile; fileRef = C12A4DAC28DB5A1F0032C002 /* UserAddViewController.swift */; };
		C12A4DAF28DB5A420032C002 /* UserUpdateViewController.swift in Sources */ = {isa = PBXBuildFile; fileRef = C12A4DAE28DB5A420032C002 /* UserUpdateViewController.swift */; };
		C12A4DB128DB5A620032C002 /* UserDetailViewController.swift in Sources */ = {isa = PBXBuildFile; fileRef = C12A4DB028DB5A620032C002 /* UserDetailViewController.swift */; };
		C12A4DB428DB77870032C002 /* Alamofire in Frameworks */ = {isa = PBXBuildFile; productRef = C12A4DB328DB77870032C002 /* Alamofire */; };
		C12A4DB628DB783E0032C002 /* Users.swift in Sources */ = {isa = PBXBuildFile; fileRef = C12A4DB528DB783E0032C002 /* Users.swift */; };
		C12A4DB828DB79550032C002 /* UserModel.swift in Sources */ = {isa = PBXBuildFile; fileRef = C12A4DB728DB79550032C002 /* UserModel.swift */; };
		C12A4DBB28DB7CA00032C002 /* Alamofire in Frameworks */ = {isa = PBXBuildFile; productRef = C12A4DBA28DB7CA00032C002 /* Alamofire */; };
		C12A4DC128DB7D650032C002 /* Alamofire in Frameworks */ = {isa = PBXBuildFile; productRef = C12A4DC028DB7D650032C002 /* Alamofire */; };
/* End PBXBuildFile section */

/* Begin PBXFileReference section */
		C12A4D9328DB56010032C002 /* Contacts.app */ = {isa = PBXFileReference; explicitFileType = wrapper.application; includeInIndex = 0; path = Contacts.app; sourceTree = BUILT_PRODUCTS_DIR; };
		C12A4D9628DB56010032C002 /* AppDelegate.swift */ = {isa = PBXFileReference; lastKnownFileType = sourcecode.swift; path = AppDelegate.swift; sourceTree = "<group>"; };
		C12A4D9828DB56010032C002 /* SceneDelegate.swift */ = {isa = PBXFileReference; lastKnownFileType = sourcecode.swift; path = SceneDelegate.swift; sourceTree = "<group>"; };
		C12A4D9A28DB56010032C002 /* ViewController.swift */ = {isa = PBXFileReference; lastKnownFileType = sourcecode.swift; path = ViewController.swift; sourceTree = "<group>"; };
		C12A4D9D28DB56010032C002 /* Base */ = {isa = PBXFileReference; lastKnownFileType = file.storyboard; name = Base; path = Base.lproj/Main.storyboard; sourceTree = "<group>"; };
		C12A4D9F28DB56020032C002 /* Assets.xcassets */ = {isa = PBXFileReference; lastKnownFileType = folder.assetcatalog; path = Assets.xcassets; sourceTree = "<group>"; };
		C12A4DA228DB56020032C002 /* Base */ = {isa = PBXFileReference; lastKnownFileType = file.storyboard; name = Base; path = Base.lproj/LaunchScreen.storyboard; sourceTree = "<group>"; };
		C12A4DA428DB56020032C002 /* Info.plist */ = {isa = PBXFileReference; lastKnownFileType = text.plist.xml; path = Info.plist; sourceTree = "<group>"; };
		C12A4DAA28DB575F0032C002 /* UserCellTableViewCell.swift */ = {isa = PBXFileReference; lastKnownFileType = sourcecode.swift; path = UserCellTableViewCell.swift; sourceTree = "<group>"; };
		C12A4DAC28DB5A1F0032C002 /* UserAddViewController.swift */ = {isa = PBXFileReference; lastKnownFileType = sourcecode.swift; path = UserAddViewController.swift; sourceTree = "<group>"; };
		C12A4DAE28DB5A420032C002 /* UserUpdateViewController.swift */ = {isa = PBXFileReference; lastKnownFileType = sourcecode.swift; path = UserUpdateViewController.swift; sourceTree = "<group>"; };
		C12A4DB028DB5A620032C002 /* UserDetailViewController.swift */ = {isa = PBXFileReference; lastKnownFileType = sourcecode.swift; path = UserDetailViewController.swift; sourceTree = "<group>"; };
		C12A4DB528DB783E0032C002 /* Users.swift */ = {isa = PBXFileReference; lastKnownFileType = sourcecode.swift; path = Users.swift; sourceTree = "<group>"; };
		C12A4DB728DB79550032C002 /* UserModel.swift */ = {isa = PBXFileReference; lastKnownFileType = sourcecode.swift; path = UserModel.swift; sourceTree = "<group>"; };
/* End PBXFileReference section */

/* Begin PBXFrameworksBuildPhase section */
		C12A4D9028DB56010032C002 /* Frameworks */ = {
			isa = PBXFrameworksBuildPhase;
			buildActionMask = 2147483647;
			files = (
				C12A4DC128DB7D650032C002 /* Alamofire in Frameworks */,
				C12A4DB428DB77870032C002 /* Alamofire in Frameworks */,
				C12A4DBB28DB7CA00032C002 /* Alamofire in Frameworks */,
			);
			runOnlyForDeploymentPostprocessing = 0;
		};
/* End PBXFrameworksBuildPhase section */

/* Begin PBXGroup section */
		C12A4D8A28DB56010032C002 = {
			isa = PBXGroup;
			children = (
				C12A4D9528DB56010032C002 /* Contacts */,
				C12A4D9428DB56010032C002 /* Products */,
			);
			sourceTree = "<group>";
		};
		C12A4D9428DB56010032C002 /* Products */ = {
			isa = PBXGroup;
			children = (
				C12A4D9328DB56010032C002 /* Contacts.app */,
			);
			name = Products;
			sourceTree = "<group>";
		};
		C12A4D9528DB56010032C002 /* Contacts */ = {
			isa = PBXGroup;
			children = (
				C12A4D9628DB56010032C002 /* AppDelegate.swift */,
				C12A4D9828DB56010032C002 /* SceneDelegate.swift */,
				C12A4D9A28DB56010032C002 /* ViewController.swift */,
				C12A4D9C28DB56010032C002 /* Main.storyboard */,
				C12A4D9F28DB56020032C002 /* Assets.xcassets */,
				C12A4DA128DB56020032C002 /* LaunchScreen.storyboard */,
				C12A4DA428DB56020032C002 /* Info.plist */,
				C12A4DAA28DB575F0032C002 /* UserCellTableViewCell.swift */,
				C12A4DAC28DB5A1F0032C002 /* UserAddViewController.swift */,
				C12A4DAE28DB5A420032C002 /* UserUpdateViewController.swift */,
				C12A4DB028DB5A620032C002 /* UserDetailViewController.swift */,
				C12A4DB528DB783E0032C002 /* Users.swift */,
				C12A4DB728DB79550032C002 /* UserModel.swift */,
			);
			path = Contacts;
			sourceTree = "<group>";
		};
/* End PBXGroup section */

/* Begin PBXNativeTarget section */
		C12A4D9228DB56010032C002 /* Contacts */ = {
			isa = PBXNativeTarget;
			buildConfigurationList = C12A4DA728DB56020032C002 /* Build configuration list for PBXNativeTarget "Contacts" */;
			buildPhases = (
				C12A4D8F28DB56010032C002 /* Sources */,
				C12A4D9028DB56010032C002 /* Frameworks */,
				C12A4D9128DB56010032C002 /* Resources */,
			);
			buildRules = (
			);
			dependencies = (
			);
			name = Contacts;
			packageProductDependencies = (
				C12A4DB328DB77870032C002 /* Alamofire */,
				C12A4DBA28DB7CA00032C002 /* Alamofire */,
				C12A4DC028DB7D650032C002 /* Alamofire */,
			);
			productName = Contacts;
			productReference = C12A4D9328DB56010032C002 /* Contacts.app */;
			productType = "com.apple.product-type.application";
		};
/* End PBXNativeTarget section */

/* Begin PBXProject section */
		C12A4D8B28DB56010032C002 /* Project object */ = {
			isa = PBXProject;
			attributes = {
				BuildIndependentTargetsInParallel = 1;
				LastSwiftUpdateCheck = 1340;
				LastUpgradeCheck = 1340;
				TargetAttributes = {
					C12A4D9228DB56010032C002 = {
						CreatedOnToolsVersion = 13.4.1;
					};
				};
			};
			buildConfigurationList = C12A4D8E28DB56010032C002 /* Build configuration list for PBXProject "Contacts" */;
			compatibilityVersion = "Xcode 13.0";
			developmentRegion = en;
			hasScannedForEncodings = 0;
			knownRegions = (
				en,
				Base,
			);
			mainGroup = C12A4D8A28DB56010032C002;
			packageReferences = (
				C12A4DB228DB77870032C002 /* XCRemoteSwiftPackageReference "Alamofire" */,
				C12A4DBF28DB7D650032C002 /* XCRemoteSwiftPackageReference "Alamofire" */,
			);
			productRefGroup = C12A4D9428DB56010032C002 /* Products */;
			projectDirPath = "";
			projectRoot = "";
			targets = (
				C12A4D9228DB56010032C002 /* Contacts */,
			);
		};
/* End PBXProject section */

/* Begin PBXResourcesBuildPhase section */
		C12A4D9128DB56010032C002 /* Resources */ = {
			isa = PBXResourcesBuildPhase;
			buildActionMask = 2147483647;
			files = (
				C12A4DA328DB56020032C002 /* LaunchScreen.storyboard in Resources */,
				C12A4DA028DB56020032C002 /* Assets.xcassets in Resources */,
				C12A4D9E28DB56010032C002 /* Main.storyboard in Resources */,
			);
			runOnlyForDeploymentPostprocessing = 0;
		};
/* End PBXResourcesBuildPhase section */

/* Begin PBXSourcesBuildPhase section */
		C12A4D8F28DB56010032C002 /* Sources */ = {
			isa = PBXSourcesBuildPhase;
			buildActionMask = 2147483647;
			files = (
				C12A4DB628DB783E0032C002 /* Users.swift in Sources */,
				C12A4DB128DB5A620032C002 /* UserDetailViewController.swift in Sources */,
				C12A4DAB28DB575F0032C002 /* UserCellTableViewCell.swift in Sources */,
				C12A4D9B28DB56010032C002 /* ViewController.swift in Sources */,
				C12A4DAF28DB5A420032C002 /* UserUpdateViewController.swift in Sources */,
				C12A4D9728DB56010032C002 /* AppDelegate.swift in Sources */,
				C12A4D9928DB56010032C002 /* SceneDelegate.swift in Sources */,
				C12A4DB828DB79550032C002 /* UserModel.swift in Sources */,
				C12A4DAD28DB5A1F0032C002 /* UserAddViewController.swift in Sources */,
			);
			runOnlyForDeploymentPostprocessing = 0;
		};
/* End PBXSourcesBuildPhase section */

/* Begin PBXVariantGroup section */
		C12A4D9C28DB56010032C002 /* Main.storyboard */ = {
			isa = PBXVariantGroup;
			children = (
				C12A4D9D28DB56010032C002 /* Base */,
			);
			name = Main.storyboard;
			sourceTree = "<group>";
		};
		C12A4DA128DB56020032C002 /* LaunchScreen.storyboard */ = {
			isa = PBXVariantGroup;
			children = (
				C12A4DA228DB56020032C002 /* Base */,
			);
			name = LaunchScreen.storyboard;
			sourceTree = "<group>";
		};
/* End PBXVariantGroup section */

/* Begin XCBuildConfiguration section */
		C12A4DA528DB56020032C002 /* Debug */ = {
			isa = XCBuildConfiguration;
			buildSettings = {
				ALWAYS_SEARCH_USER_PATHS = NO;
				CLANG_ANALYZER_NONNULL = YES;
				CLANG_ANALYZER_NUMBER_OBJECT_CONVERSION = YES_AGGRESSIVE;
				CLANG_CXX_LANGUAGE_STANDARD = "gnu++17";
				CLANG_ENABLE_MODULES = YES;
				CLANG_ENABLE_OBJC_ARC = YES;
				CLANG_ENABLE_OBJC_WEAK = YES;
				CLANG_WARN_BLOCK_CAPTURE_AUTORELEASING = YES;
				CLANG_WARN_BOOL_CONVERSION = YES;
				CLANG_WARN_COMMA = YES;
				CLANG_WARN_CONSTANT_CONVERSION = YES;
				CLANG_WARN_DEPRECATED_OBJC_IMPLEMENTATIONS = YES;
				CLANG_WARN_DIRECT_OBJC_ISA_USAGE = YES_ERROR;
				CLANG_WARN_DOCUMENTATION_COMMENTS = YES;
				CLANG_WARN_EMPTY_BODY = YES;
				CLANG_WARN_ENUM_CONVERSION = YES;
				CLANG_WARN_INFINITE_RECURSION = YES;
				CLANG_WARN_INT_CONVERSION = YES;
				CLANG_WARN_NON_LITERAL_NULL_CONVERSION = YES;
				CLANG_WARN_OBJC_IMPLICIT_RETAIN_SELF = YES;
				CLANG_WARN_OBJC_LITERAL_CONVERSION = YES;
				CLANG_WARN_OBJC_ROOT_CLASS = YES_ERROR;
				CLANG_WARN_QUOTED_INCLUDE_IN_FRAMEWORK_HEADER = YES;
				CLANG_WARN_RANGE_LOOP_ANALYSIS = YES;
				CLANG_WARN_STRICT_PROTOTYPES = YES;
				CLANG_WARN_SUSPICIOUS_MOVE = YES;
				CLANG_WARN_UNGUARDED_AVAILABILITY = YES_AGGRESSIVE;
				CLANG_WARN_UNREACHABLE_CODE = YES;
				CLANG_WARN__DUPLICATE_METHOD_MATCH = YES;
				COPY_PHASE_STRIP = NO;
				DEBUG_INFORMATION_FORMAT = dwarf;
				ENABLE_STRICT_OBJC_MSGSEND = YES;
				ENABLE_TESTABILITY = YES;
				GCC_C_LANGUAGE_STANDARD = gnu11;
				GCC_DYNAMIC_NO_PIC = NO;
				GCC_NO_COMMON_BLOCKS = YES;
				GCC_OPTIMIZATION_LEVEL = 0;
				GCC_PREPROCESSOR_DEFINITIONS = (
					"DEBUG=1",
					"$(inherited)",
				);
				GCC_WARN_64_TO_32_BIT_CONVERSION = YES;
				GCC_WARN_ABOUT_RETURN_TYPE = YES_ERROR;
				GCC_WARN_UNDECLARED_SELECTOR = YES;
				GCC_WARN_UNINITIALIZED_AUTOS = YES_AGGRESSIVE;
				GCC_WARN_UNUSED_FUNCTION = YES;
				GCC_WARN_UNUSED_VARIABLE = YES;
				IPHONEOS_DEPLOYMENT_TARGET = 15.5;
				MTL_ENABLE_DEBUG_INFO = INCLUDE_SOURCE;
				MTL_FAST_MATH = YES;
				ONLY_ACTIVE_ARCH = YES;
				SDKROOT = iphoneos;
				SWIFT_ACTIVE_COMPILATION_CONDITIONS = DEBUG;
				SWIFT_OPTIMIZATION_LEVEL = "-Onone";
			};
			name = Debug;
		};
		C12A4DA628DB56020032C002 /* Release */ = {
			isa = XCBuildConfiguration;
			buildSettings = {
				ALWAYS_SEARCH_USER_PATHS = NO;
				CLANG_ANALYZER_NONNULL = YES;
				CLANG_ANALYZER_NUMBER_OBJECT_CONVERSION = YES_AGGRESSIVE;
				CLANG_CXX_LANGUAGE_STANDARD = "gnu++17";
				CLANG_ENABLE_MODULES = YES;
				CLANG_ENABLE_OBJC_ARC = YES;
				CLANG_ENABLE_OBJC_WEAK = YES;
				CLANG_WARN_BLOCK_CAPTURE_AUTORELEASING = YES;
				CLANG_WARN_BOOL_CONVERSION = YES;
				CLANG_WARN_COMMA = YES;
				CLANG_WARN_CONSTANT_CONVERSION = YES;
				CLANG_WARN_DEPRECATED_OBJC_IMPLEMENTATIONS = YES;
				CLANG_WARN_DIRECT_OBJC_ISA_USAGE = YES_ERROR;
				CLANG_WARN_DOCUMENTATION_COMMENTS = YES;
				CLANG_WARN_EMPTY_BODY = YES;
				CLANG_WARN_ENUM_CONVERSION = YES;
				CLANG_WARN_INFINITE_RECURSION = YES;
				CLANG_WARN_INT_CONVERSION = YES;
				CLANG_WARN_NON_LITERAL_NULL_CONVERSION = YES;
				CLANG_WARN_OBJC_IMPLICIT_RETAIN_SELF = YES;
				CLANG_WARN_OBJC_LITERAL_CONVERSION = YES;
				CLANG_WARN_OBJC_ROOT_CLASS = YES_ERROR;
				CLANG_WARN_QUOTED_INCLUDE_IN_FRAMEWORK_HEADER = YES;
				CLANG_WARN_RANGE_LOOP_ANALYSIS = YES;
				CLANG_WARN_STRICT_PROTOTYPES = YES;
				CLANG_WARN_SUSPICIOUS_MOVE = YES;
				CLANG_WARN_UNGUARDED_AVAILABILITY = YES_AGGRESSIVE;
				CLANG_WARN_UNREACHABLE_CODE = YES;
				CLANG_WARN__DUPLICATE_METHOD_MATCH = YES;
				COPY_PHASE_STRIP = NO;
				DEBUG_INFORMATION_FORMAT = "dwarf-with-dsym";
				ENABLE_NS_ASSERTIONS = NO;
				ENABLE_STRICT_OBJC_MSGSEND = YES;
				GCC_C_LANGUAGE_STANDARD = gnu11;
				GCC_NO_COMMON_BLOCKS = YES;
				GCC_WARN_64_TO_32_BIT_CONVERSION = YES;
				GCC_WARN_ABOUT_RETURN_TYPE = YES_ERROR;
				GCC_WARN_UNDECLARED_SELECTOR = YES;
				GCC_WARN_UNINITIALIZED_AUTOS = YES_AGGRESSIVE;
				GCC_WARN_UNUSED_FUNCTION = YES;
				GCC_WARN_UNUSED_VARIABLE = YES;
				IPHONEOS_DEPLOYMENT_TARGET = 15.5;
				MTL_ENABLE_DEBUG_INFO = NO;
				MTL_FAST_MATH = YES;
				SDKROOT = iphoneos;
				SWIFT_COMPILATION_MODE = wholemodule;
				SWIFT_OPTIMIZATION_LEVEL = "-O";
				VALIDATE_PRODUCT = YES;
			};
			name = Release;
		};
		C12A4DA828DB56020032C002 /* Debug */ = {
			isa = XCBuildConfiguration;
			buildSettings = {
				ASSETCATALOG_COMPILER_APPICON_NAME = AppIcon;
				ASSETCATALOG_COMPILER_GLOBAL_ACCENT_COLOR_NAME = AccentColor;
				CODE_SIGN_STYLE = Automatic;
				CURRENT_PROJECT_VERSION = 1;
				DEVELOPMENT_TEAM = MAW9ZDL37P;
				GENERATE_INFOPLIST_FILE = YES;
				INFOPLIST_FILE = Contacts/Info.plist;
				INFOPLIST_KEY_UIApplicationSupportsIndirectInputEvents = YES;
				INFOPLIST_KEY_UILaunchStoryboardName = LaunchScreen;
				INFOPLIST_KEY_UIMainStoryboardFile = Main;
				INFOPLIST_KEY_UISupportedInterfaceOrientations_iPad = "UIInterfaceOrientationPortrait UIInterfaceOrientationPortraitUpsideDown UIInterfaceOrientationLandscapeLeft UIInterfaceOrientationLandscapeRight";
				INFOPLIST_KEY_UISupportedInterfaceOrientations_iPhone = "UIInterfaceOrientationPortrait UIInterfaceOrientationLandscapeLeft UIInterfaceOrientationLandscapeRight";
				LD_RUNPATH_SEARCH_PATHS = (
					"$(inherited)",
					"@executable_path/Frameworks",
				);
				MARKETING_VERSION = 1.0;
				PRODUCT_BUNDLE_IDENTIFIER = com.yusufozata.Contacts;
				PRODUCT_NAME = "$(TARGET_NAME)";
				SWIFT_EMIT_LOC_STRINGS = YES;
				SWIFT_VERSION = 5.0;
				TARGETED_DEVICE_FAMILY = "1,2";
			};
			name = Debug;
		};
		C12A4DA928DB56020032C002 /* Release */ = {
			isa = XCBuildConfiguration;
			buildSettings = {
				ASSETCATALOG_COMPILER_APPICON_NAME = AppIcon;
				ASSETCATALOG_COMPILER_GLOBAL_ACCENT_COLOR_NAME = AccentColor;
				CODE_SIGN_STYLE = Automatic;
				CURRENT_PROJECT_VERSION = 1;
				DEVELOPMENT_TEAM = MAW9ZDL37P;
				GENERATE_INFOPLIST_FILE = YES;
				INFOPLIST_FILE = Contacts/Info.plist;
				INFOPLIST_KEY_UIApplicationSupportsIndirectInputEvents = YES;
				INFOPLIST_KEY_UILaunchStoryboardName = LaunchScreen;
				INFOPLIST_KEY_UIMainStoryboardFile = Main;
				INFOPLIST_KEY_UISupportedInterfaceOrientations_iPad = "UIInterfaceOrientationPortrait UIInterfaceOrientationPortraitUpsideDown UIInterfaceOrientationLandscapeLeft UIInterfaceOrientationLandscapeRight";
				INFOPLIST_KEY_UISupportedInterfaceOrientations_iPhone = "UIInterfaceOrientationPortrait UIInterfaceOrientationLandscapeLeft UIInterfaceOrientationLandscapeRight";
				LD_RUNPATH_SEARCH_PATHS = (
					"$(inherited)",
					"@executable_path/Frameworks",
				);
				MARKETING_VERSION = 1.0;
				PRODUCT_BUNDLE_IDENTIFIER = com.yusufozata.Contacts;
				PRODUCT_NAME = "$(TARGET_NAME)";
				SWIFT_EMIT_LOC_STRINGS = YES;
				SWIFT_VERSION = 5.0;
				TARGETED_DEVICE_FAMILY = "1,2";
			};
			name = Release;
		};
/* End XCBuildConfiguration section */

/* Begin XCConfigurationList section */
		C12A4D8E28DB56010032C002 /* Build configuration list for PBXProject "Contacts" */ = {
			isa = XCConfigurationList;
			buildConfigurations = (
				C12A4DA528DB56020032C002 /* Debug */,
				C12A4DA628DB56020032C002 /* Release */,
			);
			defaultConfigurationIsVisible = 0;
			defaultConfigurationName = Release;
		};
		C12A4DA728DB56020032C002 /* Build configuration list for PBXNativeTarget "Contacts" */ = {
			isa = XCConfigurationList;
			buildConfigurations = (
				C12A4DA828DB56020032C002 /* Debug */,
				C12A4DA928DB56020032C002 /* Release */,
			);
			defaultConfigurationIsVisible = 0;
			defaultConfigurationName = Release;
		};
/* End XCConfigurationList section */

/* Begin XCRemoteSwiftPackageReference section */
		C12A4DB228DB77870032C002 /* XCRemoteSwiftPackageReference "Alamofire" */ = {
			isa = XCRemoteSwiftPackageReference;
			repositoryURL = "https://github.com/Alamofire/Alamofire.git";
			requirement = {
				kind = upToNextMajorVersion;
				minimumVersion = 5.0.0;
			};
		};
		C12A4DBF28DB7D650032C002 /* XCRemoteSwiftPackageReference "Alamofire" */ = {
			isa = XCRemoteSwiftPackageReference;
			repositoryURL = "https://github.com/Alamofire/Alamofire.git";
			requirement = {
				kind = exactVersion;
				version = 5.3.0;
			};
		};
/* End XCRemoteSwiftPackageReference section */

/* Begin XCSwiftPackageProductDependency section */
		C12A4DB328DB77870032C002 /* Alamofire */ = {
			isa = XCSwiftPackageProductDependency;
			package = C12A4DB228DB77870032C002 /* XCRemoteSwiftPackageReference "Alamofire" */;
			productName = Alamofire;
		};
		C12A4DBA28DB7CA00032C002 /* Alamofire */ = {
			isa = XCSwiftPackageProductDependency;
			package = C12A4DB228DB77870032C002 /* XCRemoteSwiftPackageReference "Alamofire" */;
			productName = Alamofire;
		};
		C12A4DC028DB7D650032C002 /* Alamofire */ = {
			isa = XCSwiftPackageProductDependency;
			package = C12A4DBF28DB7D650032C002 /* XCRemoteSwiftPackageReference "Alamofire" */;
			productName = Alamofire;
		};
/* End XCSwiftPackageProductDependency section */
	};
	rootObject = C12A4D8B28DB56010032C002 /* Project object */;
}
